
Microsoft Visual Studio Solution File, Format Version 12.00
Project("{FAE04EC0-301F-11D3-BF4B-00C04F79EFBC}") = "hw_reflect_attribute", "hw_reflect_attribute\hw_reflect_attribute.csproj", "{1A14013A-B880-4E10-A231-F8115AC573BE}"
EndProject
Global
	GlobalSection(SolutionConfigurationPlatforms) = preSolution
		Debug|Any CPU = Debug|Any CPU
		Release|Any CPU = Release|Any CPU
	EndGlobalSection
	GlobalSection(ProjectConfigurationPlatforms) = postSolution
		{1A14013A-B880-4E10-A231-F8115AC573BE}.Debug|Any CPU.ActiveCfg = Debug|Any CPU
		{1A14013A-B880-4E10-A231-F8115AC573BE}.Debug|Any CPU.Build.0 = Debug|Any CPU
		{1A14013A-B880-4E10-A231-F8115AC573BE}.Release|Any CPU.ActiveCfg = Release|Any CPU
		{1A14013A-B880-4E10-A231-F8115AC573BE}.Release|Any CPU.Build.0 = Release|Any CPU
	EndGlobalSection
EndGlobal
